
Microsoft Visual Studio Solution File, Format Version 12.00
# Visual Studio Version 17
VisualStudioVersion = 17.6.33815.320
MinimumVisualStudioVersion = 10.0.40219.1
Project("{9A19103F-16F7-4668-BE54-9A1E7A4F7556}") = "WpfApp1", "WpfApp1\WpfApp1.csproj", "{52994379-B39C-43D0-B977-5E1CC64147CD}"
EndProject
Project("{FAE04EC0-301F-11D3-BF4B-00C04F79EFBC}") = "Lib1", "ClassK\Lib1.csproj", "{30A6327A-0769-4506-9B66-C13E936BC220}"
EndProject
Global
	GlobalSection(SolutionConfigurationPlatforms) = preSolution
		Debug|Any CPU = Debug|Any CPU
		Release|Any CPU = Release|Any CPU
	EndGlobalSection
	GlobalSection(ProjectConfigurationPlatforms) = postSolution
		{52994379-B39C-43D0-B977-5E1CC64147CD}.Debug|Any CPU.ActiveCfg = Debug|Any CPU
		{52994379-B39C-43D0-B977-5E1CC64147CD}.Debug|Any CPU.Build.0 = Debug|Any CPU
		{52994379-B39C-43D0-B977-5E1CC64147CD}.Release|Any CPU.ActiveCfg = Release|Any CPU
		{52994379-B39C-43D0-B977-5E1CC64147CD}.Release|Any CPU.Build.0 = Release|Any CPU
		{30A6327A-0769-4506-9B66-C13E936BC220}.Debug|Any CPU.ActiveCfg = Debug|Any CPU
		{30A6327A-0769-4506-9B66-C13E936BC220}.Debug|Any CPU.Build.0 = Debug|Any CPU
		{30A6327A-0769-4506-9B66-C13E936BC220}.Release|Any CPU.ActiveCfg = Release|Any CPU
		{30A6327A-0769-4506-9B66-C13E936BC220}.Release|Any CPU.Build.0 = Release|Any CPU
	EndGlobalSection
	GlobalSection(SolutionProperties) = preSolution
		HideSolutionNode = FALSE
	EndGlobalSection
	GlobalSection(ExtensibilityGlobals) = postSolution
		SolutionGuid = {0BAD4415-A56D-4697-AFAE-845D3A7B43B5}
	EndGlobalSection
EndGlobal
